
Microsoft Visual Studio Solution File, Format Version 12.00
# Visual Studio Version 17
VisualStudioVersion = 17.2.32602.215
MinimumVisualStudioVersion = 10.0.40219.1
Project("{9A19103F-16F7-4668-BE54-9A1E7A4F7556}") = "ServerMonitorApp", "ServerMonitorApp\ServerMonitorApp.csproj", "{CC4CB59D-5983-4447-9C2C-4DC70CFCC40A}"
EndProject
Project("{9A19103F-16F7-4668-BE54-9A1E7A4F7556}") = "ConsoleClient", "ConsoleClient\ConsoleClient.csproj", "{BAFDA129-0CFE-44EA-910A-0BABE5A92868}"
EndProject
Project("{9A19103F-16F7-4668-BE54-9A1E7A4F7556}") = "ServerMonitorCore", "ServerMonitorCore\ServerMonitorCore.csproj", "{3BE75DFA-5175-44DC-A902-DE0748169436}"
EndProject
Project("{FAE04EC0-301F-11D3-BF4B-00C04F79EFBC}") = "ServerMonitorMvc", "ServerMonitorMvc\ServerMonitorMvc.csproj", "{01051ED5-3B7D-4796-9A84-2EDF59F03406}"
EndProject
Global
	GlobalSection(SolutionConfigurationPlatforms) = preSolution
		Debug|Any CPU = Debug|Any CPU
		Release|Any CPU = Release|Any CPU
	EndGlobalSection
	GlobalSection(ProjectConfigurationPlatforms) = postSolution
		{CC4CB59D-5983-4447-9C2C-4DC70CFCC40A}.Debug|Any CPU.ActiveCfg = Debug|Any CPU
		{CC4CB59D-5983-4447-9C2C-4DC70CFCC40A}.Debug|Any CPU.Build.0 = Debug|Any CPU
		{CC4CB59D-5983-4447-9C2C-4DC70CFCC40A}.Release|Any CPU.ActiveCfg = Release|Any CPU
		{CC4CB59D-5983-4447-9C2C-4DC70CFCC40A}.Release|Any CPU.Build.0 = Release|Any CPU
		{BAFDA129-0CFE-44EA-910A-0BABE5A92868}.Debug|Any CPU.ActiveCfg = Debug|Any CPU
		{BAFDA129-0CFE-44EA-910A-0BABE5A92868}.Debug|Any CPU.Build.0 = Debug|Any CPU
		{BAFDA129-0CFE-44EA-910A-0BABE5A92868}.Release|Any CPU.ActiveCfg = Release|Any CPU
		{BAFDA129-0CFE-44EA-910A-0BABE5A92868}.Release|Any CPU.Build.0 = Release|Any CPU
		{3BE75DFA-5175-44DC-A902-DE0748169436}.Debug|Any CPU.ActiveCfg = Debug|Any CPU
		{3BE75DFA-5175-44DC-A902-DE0748169436}.Debug|Any CPU.Build.0 = Debug|Any CPU
		{3BE75DFA-5175-44DC-A902-DE0748169436}.Release|Any CPU.ActiveCfg = Release|Any CPU
		{3BE75DFA-5175-44DC-A902-DE0748169436}.Release|Any CPU.Build.0 = Release|Any CPU
		{01051ED5-3B7D-4796-9A84-2EDF59F03406}.Debug|Any CPU.ActiveCfg = Debug|Any CPU
		{01051ED5-3B7D-4796-9A84-2EDF59F03406}.Debug|Any CPU.Build.0 = Debug|Any CPU
		{01051ED5-3B7D-4796-9A84-2EDF59F03406}.Release|Any CPU.ActiveCfg = Release|Any CPU
		{01051ED5-3B7D-4796-9A84-2EDF59F03406}.Release|Any CPU.Build.0 = Release|Any CPU
	EndGlobalSection
	GlobalSection(SolutionProperties) = preSolution
		HideSolutionNode = FALSE
	EndGlobalSection
	GlobalSection(ExtensibilityGlobals) = postSolution
		SolutionGuid = {F3BBBC11-1DC2-4C32-B85A-56EB962FE3EF}
	EndGlobalSection
EndGlobal
